lockfileVersion: '6.0'

settings:
  autoInstallPeers: true
  excludeLinksFromLockfile: false

dependencies:
  js-deobfuscator:
    specifier: ^1.0
    version: 1.0.20

packages:

  /commander@9.5.0:
    resolution: {integrity: sha512-KRs7WVDKg86PWiuAqhDrAQnTXZKraVcCc6vFdL14qrZ/DcWwuRo7VoiYXalXO7S5GKpqYiVEwCbgFDfxNHKJBQ==}
    engines: {node: ^12.20.0 || >=14}
    dev: false

  /estraverse@4.3.0:
    resolution: {integrity: sha512-39nnKffWz8xN1BU/2c79n9nB9HDzo0niYUqx6xyqUnyoAnQyyWpOTdZEeiCch8BBu515t4wp9ZmgVfVhn9EBpw==}
    engines: {node: '>=4.0'}
    dev: false

  /esutils@2.0.2:
    resolution: {integrity: sha512-UUPPULqkyAV+M3Shodis7l8D+IyX6V8SbaBnTb449jf3fMTd8+UOZI1Q70NbZVOQkcR91yYgdHsJiMMMVmYshg==}
    engines: {node: '>=0.10.0'}
    dev: false

  /esutils@2.0.3:
    resolution: {integrity: sha512-kVscqXk4OCp68SZ0dkgEKVi6/8ij300KBWTJq32P/dYeWTSwK41WyTxalN1eRmA5Z9UU/LX9D7FWSmV9SAYx6g==}
    engines: {node: '>=0.10.0'}
    dev: false

  /js-deobfuscator@1.0.20:
    resolution: {integrity: sha512-7JfrA3xeY24BNyj2z4jtia+ivcXHDuxbhcZylztaHQaRuJdrYu7CLDcCAPtxV9cmWm9kG/DVFmGnGRhUzs9tAQ==}
    hasBin: true
    dependencies:
      commander: 9.5.0
      estraverse: 4.3.0
      shift-ast: 6.1.0
      shift-codegen: github.com/ben-sb/shift-codegen-js/68294180cdc89eaaa7e3561283b8c6a31a319ac6
      shift-parser: 7.0.3
      shift-validator: 5.0.1
      uuid: 8.3.2
    dev: false

  /multimap@1.1.0:
    resolution: {integrity: sha512-0ZIR9PasPxGXmRsEF8jsDzndzHDj7tIav+JUmvIFB/WHswliFnquxECT/De7GR4yg99ky/NlRKJT82G1y271bw==}
    dev: false

  /object-assign@4.1.1:
    resolution: {integrity: sha512-rJgTQnkUnH1sFw8yT6VSU3zD3sWmu6sZhIseY8VX+GRu3P6F7Fu+JNDoXfklElbLJSnc3FUQHVe4cU5hj+BcUg==}
    engines: {node: '>=0.10.0'}
    dev: false

  /shift-ast@6.0.0:
    resolution: {integrity: sha512-XXxDcEBWVBzqWXfNYJlLyJ1/9kMvOXVRXiqPjkOrTCC5qRsBvEMJMRLLFhU3tn8ue56Y7IZyBE6bexFum5QLUw==}
    dev: false

  /shift-ast@6.1.0:
    resolution: {integrity: sha512-Vj4XUIJIFPIh6VcBGJ1hjH/kM88XGer94Pr7Rvxa+idEylDsrwtLw268HoxGo5xReL6T3DdRl/9/Pr1XihZ/8Q==}
    dev: false

  /shift-ast@7.0.0:
    resolution: {integrity: sha512-O0INwsZa1XH/lMSf52udGnjNOxKBLxFiZHt0Ys3i6bqtwuGEA3eDR4+e0qJELIsCy8+BiTtlTgQzP76K1ehipQ==}
    dev: false

  /shift-parser@7.0.3:
    resolution: {integrity: sha512-uYX2ORyZfKZrUc4iKKkO9KOhzUSxCrSBk7QK6ZmShId+BOo1gh1IwecVy97ynyOTpmhPWUttjC8BzsnQl65Zew==}
    dependencies:
      multimap: 1.1.0
      shift-ast: 6.0.0
      shift-reducer: 6.0.0
      shift-regexp-acceptor: 2.0.3
    dev: false

  /shift-reducer@6.0.0:
    resolution: {integrity: sha512-2rJraRP8drIOjvaE/sALa+0tGJmMVUzlmS3wIJerJbaYuCjpFAiF0WjkTOFVtz1144Nm/ECmqeG+7yRhuMVsMg==}
    dependencies:
      shift-ast: 6.0.0
    dev: false

  /shift-reducer@7.0.0:
    resolution: {integrity: sha512-9igIDMHzp1+CkQZITGHM1sAd9jqMPV0vhqHuh8jlYumHSMIwsYcrDeo1tlpzNRUnfbEq1nLyh8Bf1YU8HGUE7g==}
    dependencies:
      shift-ast: 7.0.0
    dev: false

  /shift-regexp-acceptor@2.0.3:
    resolution: {integrity: sha512-sxL7e5JNUFxm+gutFRXktX2D6KVgDAHNuDsk5XHB9Z+N5yXooZG6pdZ1GEbo3Jz6lF7ETYLBC4WAjIFm2RKTmA==}
    dependencies:
      unicode-match-property-ecmascript: 1.0.4
      unicode-match-property-value-ecmascript: 1.0.2
      unicode-property-aliases-ecmascript: 1.0.4
    dev: false

  /shift-validator@5.0.1:
    resolution: {integrity: sha512-q0uUu2IWgEnItpuTbL1HGJkfBWKTGhDMTOqe1ANlc6qfV6jo1E3LB2P1rAVWQnOl+9iZSfdqYzNIACZ0j07l4Q==}
    dependencies:
      esutils: 2.0.2
      shift-parser: 7.0.3
      shift-reducer: 6.0.0
      shift-regexp-acceptor: 2.0.3
    dev: false

  /unicode-canonical-property-names-ecmascript@1.0.4:
    resolution: {integrity: sha512-jDrNnXWHd4oHiTZnx/ZG7gtUTVp+gCcTTKr8L0HjlwphROEW3+Him+IpvC+xcJEFegapiMZyZe02CyuOnRmbnQ==}
    engines: {node: '>=4'}
    dev: false

  /unicode-match-property-ecmascript@1.0.4:
    resolution: {integrity: sha512-L4Qoh15vTfntsn4P1zqnHulG0LdXgjSO035fEpdtp6YxXhMT51Q6vgM5lYdG/5X3MjS+k/Y9Xw4SFCY9IkR0rg==}
    engines: {node: '>=4'}
    dependencies:
      unicode-canonical-property-names-ecmascript: 1.0.4
      unicode-property-aliases-ecmascript: 1.0.4
    dev: false

  /unicode-match-property-value-ecmascript@1.0.2:
    resolution: {integrity: sha512-Rx7yODZC1L/T8XKo/2kNzVAQaRE88AaMvI1EF/Xnj3GW2wzN6fop9DDWuFAKUVFH7vozkz26DzP0qyWLKLIVPQ==}
    engines: {node: '>=4'}
    dev: false

  /unicode-property-aliases-ecmascript@1.0.4:
    resolution: {integrity: sha512-2WSLa6OdYd2ng8oqiGIWnJqyFArvhn+5vgx5GTxMbUYjCYKUcuKS62YLFF0R/BDGlB1yzXjQOLtPAfHsgirEpg==}
    engines: {node: '>=4'}
    dev: false

  /uuid@8.3.2:
    resolution: {integrity: sha512-+NYs2QeMWy+GWFOEm9xnn6HCDp0l7QBD7ml8zLUmJ+93Q5NF0NocErnwkTkXVFNiX3/fpC6afS8Dhb/gz7R7eg==}
    hasBin: true
    dev: false

  github.com/ben-sb/shift-codegen-js/68294180cdc89eaaa7e3561283b8c6a31a319ac6:
    resolution: {tarball: https://codeload.github.com/ben-sb/shift-codegen-js/tar.gz/68294180cdc89eaaa7e3561283b8c6a31a319ac6}
    name: shift-codegen
    version: 8.0.0
    dependencies:
      esutils: 2.0.3
      object-assign: 4.1.1
      shift-reducer: 7.0.0
    dev: false
